
Microsoft Visual Studio Solution File, Format Version 12.00
# Visual Studio Version 17
VisualStudioVersion = 17.7.34221.43
MinimumVisualStudioVersion = 10.0.40219.1
Project("{9A19103F-16F7-4668-BE54-9A1E7A4F7556}") = "UiMetadataFramework.Core", "UiMetadataFramework.Core\UiMetadataFramework.Core.csproj", "{1FC28D62-959A-4AAB-B6E9-D55EF4555217}"
EndProject
Project("{9A19103F-16F7-4668-BE54-9A1E7A4F7556}") = "UiMetadataFramework.Tests", "UiMetadataFramework.Tests\UiMetadataFramework.Tests.csproj", "{6347D627-082A-4AC4-9D9E-2700007E5C34}"
EndProject
Project("{9A19103F-16F7-4668-BE54-9A1E7A4F7556}") = "UiMetadataFramework.MediatR", "UiMetadataFramework.MediatR\UiMetadataFramework.MediatR.csproj", "{AB883DE3-4C9D-4C03-99F4-06BF61C89312}"
EndProject
Project("{2150E333-8FDC-42A3-9474-1A3956D46DE8}") = "Solution Items", "Solution Items", "{63C5E740-4557-4B6A-81C6-B78FFBAFAA1F}"
	ProjectSection(SolutionItems) = preProject
		.gitignore = .gitignore
		README.md = README.md
	EndProjectSection
EndProject
Project("{9A19103F-16F7-4668-BE54-9A1E7A4F7556}") = "UiMetadataFramework.Basic", "UiMetadataFramework.Basic\UiMetadataFramework.Basic.csproj", "{67AA6D88-3B45-4C07-A021-F26ACFFDADA6}"
EndProject
Project("{FAE04EC0-301F-11D3-BF4B-00C04F79EFBC}") = "MakeConst", "MakeConst\MakeConst\MakeConst.csproj", "{463D6BF8-9B89-4361-820F-3FC1C00B0EB6}"
EndProject
Project("{FAE04EC0-301F-11D3-BF4B-00C04F79EFBC}") = "MakeConst.CodeFixes", "MakeConst\MakeConst.CodeFixes\MakeConst.CodeFixes.csproj", "{F8EA9712-09B5-48D8-AFEE-6523F3C578A4}"
EndProject
Project("{FAE04EC0-301F-11D3-BF4B-00C04F79EFBC}") = "MakeConst.Package", "MakeConst\MakeConst.Package\MakeConst.Package.csproj", "{E85AF6FB-AB05-410A-B300-3C6EAD1E8C2F}"
EndProject
Project("{FAE04EC0-301F-11D3-BF4B-00C04F79EFBC}") = "MakeConst.Test", "MakeConst\MakeConst.Test\MakeConst.Test.csproj", "{295710BA-A6C9-4AEC-9A0A-AFBDB377E06C}"
EndProject
Project("{FAE04EC0-301F-11D3-BF4B-00C04F79EFBC}") = "MakeConst.Vsix", "MakeConst\MakeConst.Vsix\MakeConst.Vsix.csproj", "{34B4FDEF-7DE9-4D6B-8C97-E4FF12B24C85}"
EndProject
Global
	GlobalSection(SolutionConfigurationPlatforms) = preSolution
		Debug|Any CPU = Debug|Any CPU
		Release|Any CPU = Release|Any CPU
	EndGlobalSection
	GlobalSection(ProjectConfigurationPlatforms) = postSolution
		{1FC28D62-959A-4AAB-B6E9-D55EF4555217}.Debug|Any CPU.ActiveCfg = Debug|Any CPU
		{1FC28D62-959A-4AAB-B6E9-D55EF4555217}.Debug|Any CPU.Build.0 = Debug|Any CPU
		{1FC28D62-959A-4AAB-B6E9-D55EF4555217}.Release|Any CPU.ActiveCfg = Release|Any CPU
		{1FC28D62-959A-4AAB-B6E9-D55EF4555217}.Release|Any CPU.Build.0 = Release|Any CPU
		{6347D627-082A-4AC4-9D9E-2700007E5C34}.Debug|Any CPU.ActiveCfg = Debug|Any CPU
		{6347D627-082A-4AC4-9D9E-2700007E5C34}.Debug|Any CPU.Build.0 = Debug|Any CPU
		{6347D627-082A-4AC4-9D9E-2700007E5C34}.Release|Any CPU.ActiveCfg = Release|Any CPU
		{6347D627-082A-4AC4-9D9E-2700007E5C34}.Release|Any CPU.Build.0 = Release|Any CPU
		{AB883DE3-4C9D-4C03-99F4-06BF61C89312}.Debug|Any CPU.ActiveCfg = Debug|Any CPU
		{AB883DE3-4C9D-4C03-99F4-06BF61C89312}.Debug|Any CPU.Build.0 = Debug|Any CPU
		{AB883DE3-4C9D-4C03-99F4-06BF61C89312}.Release|Any CPU.ActiveCfg = Release|Any CPU
		{AB883DE3-4C9D-4C03-99F4-06BF61C89312}.Release|Any CPU.Build.0 = Release|Any CPU
		{67AA6D88-3B45-4C07-A021-F26ACFFDADA6}.Debug|Any CPU.ActiveCfg = Debug|Any CPU
		{67AA6D88-3B45-4C07-A021-F26ACFFDADA6}.Debug|Any CPU.Build.0 = Debug|Any CPU
		{67AA6D88-3B45-4C07-A021-F26ACFFDADA6}.Release|Any CPU.ActiveCfg = Release|Any CPU
		{67AA6D88-3B45-4C07-A021-F26ACFFDADA6}.Release|Any CPU.Build.0 = Release|Any CPU
		{463D6BF8-9B89-4361-820F-3FC1C00B0EB6}.Debug|Any CPU.ActiveCfg = Debug|Any CPU
		{463D6BF8-9B89-4361-820F-3FC1C00B0EB6}.Debug|Any CPU.Build.0 = Debug|Any CPU
		{463D6BF8-9B89-4361-820F-3FC1C00B0EB6}.Release|Any CPU.ActiveCfg = Release|Any CPU
		{463D6BF8-9B89-4361-820F-3FC1C00B0EB6}.Release|Any CPU.Build.0 = Release|Any CPU
		{F8EA9712-09B5-48D8-AFEE-6523F3C578A4}.Debug|Any CPU.ActiveCfg = Debug|Any CPU
		{F8EA9712-09B5-48D8-AFEE-6523F3C578A4}.Debug|Any CPU.Build.0 = Debug|Any CPU
		{F8EA9712-09B5-48D8-AFEE-6523F3C578A4}.Release|Any CPU.ActiveCfg = Release|Any CPU
		{F8EA9712-09B5-48D8-AFEE-6523F3C578A4}.Release|Any CPU.Build.0 = Release|Any CPU
		{E85AF6FB-AB05-410A-B300-3C6EAD1E8C2F}.Debug|Any CPU.ActiveCfg = Debug|Any CPU
		{E85AF6FB-AB05-410A-B300-3C6EAD1E8C2F}.Debug|Any CPU.Build.0 = Debug|Any CPU
		{E85AF6FB-AB05-410A-B300-3C6EAD1E8C2F}.Release|Any CPU.ActiveCfg = Release|Any CPU
		{E85AF6FB-AB05-410A-B300-3C6EAD1E8C2F}.Release|Any CPU.Build.0 = Release|Any CPU
		{295710BA-A6C9-4AEC-9A0A-AFBDB377E06C}.Debug|Any CPU.ActiveCfg = Debug|Any CPU
		{295710BA-A6C9-4AEC-9A0A-AFBDB377E06C}.Debug|Any CPU.Build.0 = Debug|Any CPU
		{295710BA-A6C9-4AEC-9A0A-AFBDB377E06C}.Release|Any CPU.ActiveCfg = Release|Any CPU
		{295710BA-A6C9-4AEC-9A0A-AFBDB377E06C}.Release|Any CPU.Build.0 = Release|Any CPU
		{34B4FDEF-7DE9-4D6B-8C97-E4FF12B24C85}.Debug|Any CPU.ActiveCfg = Debug|Any CPU
		{34B4FDEF-7DE9-4D6B-8C97-E4FF12B24C85}.Debug|Any CPU.Build.0 = Debug|Any CPU
		{34B4FDEF-7DE9-4D6B-8C97-E4FF12B24C85}.Release|Any CPU.ActiveCfg = Release|Any CPU
		{34B4FDEF-7DE9-4D6B-8C97-E4FF12B24C85}.Release|Any CPU.Build.0 = Release|Any CPU
	EndGlobalSection
	GlobalSection(SolutionProperties) = preSolution
		HideSolutionNode = FALSE
	EndGlobalSection
	GlobalSection(ExtensibilityGlobals) = postSolution
		SolutionGuid = {8CB04D81-20A2-4C5A-B724-13FD3C35AB61}
	EndGlobalSection
EndGlobal
